
Microsoft Visual Studio Solution File, Format Version 12.00
# Visual Studio 2012
Project("{FAE04EC0-301F-11D3-BF4B-00C04F79EFBC}") = "Lesca", "Lesca\Lesca.csproj", "{03E8157B-C89C-4C20-B2DF-E0066B51CAFD}"
EndProject
Global
	GlobalSection(SolutionConfigurationPlatforms) = preSolution
		Debug|Any CPU = Debug|Any CPU
		Release|Any CPU = Release|Any CPU
	EndGlobalSection
	GlobalSection(ProjectConfigurationPlatforms) = postSolution
		{03E8157B-C89C-4C20-B2DF-E0066B51CAFD}.Debug|Any CPU.ActiveCfg = Debug|Any CPU
		{03E8157B-C89C-4C20-B2DF-E0066B51CAFD}.Debug|Any CPU.Build.0 = Debug|Any CPU
		{03E8157B-C89C-4C20-B2DF-E0066B51CAFD}.Release|Any CPU.ActiveCfg = Release|Any CPU
		{03E8157B-C89C-4C20-B2DF-E0066B51CAFD}.Release|Any CPU.Build.0 = Release|Any CPU
	EndGlobalSection
	GlobalSection(SolutionProperties) = preSolution
		HideSolutionNode = FALSE
	EndGlobalSection
EndGlobal
